PODS:
  - Realm (2.7.0):
    - Realm/Headers (= 2.7.0)
  - Realm/Headers (2.7.0)
  - RealmSwift (2.7.0):
    - Realm (= 2.7.0)
  - RxCocoa (3.4.1):
    - RxSwift (~> 3.4)
  - RxDataSources (1.0.3):
    - RxCocoa (~> 3.0)
    - RxSwift (~> 3.0)
  - RxRealm (0.6.0):
    - RealmSwift (~> 2.5)
    - RxSwift (~> 3.2)
  - RxSwift (3.4.1)

DEPENDENCIES:
  - RxDataSources
  - RxRealm
  - RxSwift

SPEC CHECKSUMS:
  Realm: 07e5d3a9e0e41d65fd5f9f05150ed6295d0f093b
  RealmSwift: 6d06425d3900c86473c4f323bf6949b43fca22bc
  RxCocoa: a8a5f1d061d0043e28f56976829f31ce63e8eb09
  RxDataSources: a021a0e944ba5f7991259829d973afdbfa719c0b
  RxRealm: 323de579b50b5e0f4a3e087d5925021f976ffaf1
  RxSwift: 656f8fbeca5bc372121a72d9ebdd3cd3bc0ffade

PODFILE CHECKSUM: 77a7127900faeddf026fdbd4f3b6b96b03bf6f36

COCOAPODS: 1.2.1
